
Microsoft Visual Studio Solution File, Format Version 12.00
# Visual Studio Version 17
VisualStudioVersion = 17.0.31903.59
MinimumVisualStudioVersion = 10.0.40219.1
Project("{2150E333-8FDC-42A3-9474-1A3956D46DE8}") = "src", "src", "{827E0CD3-B72D-47B6-A68D-7590B98EB39B}"
EndProject
Project("{FAE04EC0-301F-11D3-BF4B-00C04F79EFBC}") = "SecureERP.Api", "src\SecureERP.Api\SecureERP.Api.csproj", "{DCE64FF8-1AD6-48C7-BB3F-C12118B77F95}"
EndProject
Project("{FAE04EC0-301F-11D3-BF4B-00C04F79EFBC}") = "SecureERP.Application", "src\SecureERP.Application\SecureERP.Application.csproj", "{047BA3CE-70F8-4D39-A265-BA6BAB0F2B2C}"
EndProject
Project("{FAE04EC0-301F-11D3-BF4B-00C04F79EFBC}") = "SecureERP.Domain", "src\SecureERP.Domain\SecureERP.Domain.csproj", "{1B65B4ED-24E4-4D60-857A-86C526D49A27}"
EndProject
Project("{FAE04EC0-301F-11D3-BF4B-00C04F79EFBC}") = "SecureERP.Infrastructure", "src\SecureERP.Infrastructure\SecureERP.Infrastructure.csproj", "{7BDB28A7-4F12-45D9-9CD7-9B156CDCC894}"
EndProject
Project("{FAE04EC0-301F-11D3-BF4B-00C04F79EFBC}") = "SecureERP.Database", "src\SecureERP.Database\SecureERP.Database.csproj", "{002259EB-14E5-467D-A020-0FDB2842B2D1}"
EndProject
Project("{FAE04EC0-301F-11D3-BF4B-00C04F79EFBC}") = "SecureERP.Tests", "tests\SecureERP.Tests\SecureERP.Tests.csproj", "{41994F7E-1BC4-4F4E-A809-98CDCBF6CDF9}"
EndProject
Project("{FAE04EC0-301F-11D3-BF4B-00C04F79EFBC}") = "SecureERP.WinForms", "src\SecureERP.WinForms\SecureERP.WinForms.csproj", "{1170ADCC-C953-4277-9133-BBA7D7B1133C}"
EndProject
Global
	GlobalSection(SolutionConfigurationPlatforms) = preSolution
		Debug|Any CPU = Debug|Any CPU
		Debug|x64 = Debug|x64
		Debug|x86 = Debug|x86
		Release|Any CPU = Release|Any CPU
		Release|x64 = Release|x64
		Release|x86 = Release|x86
	EndGlobalSection
	GlobalSection(ProjectConfigurationPlatforms) = postSolution
		{DCE64FF8-1AD6-48C7-BB3F-C12118B77F95}.Debug|Any CPU.ActiveCfg = Debug|Any CPU
		{DCE64FF8-1AD6-48C7-BB3F-C12118B77F95}.Debug|Any CPU.Build.0 = Debug|Any CPU
		{DCE64FF8-1AD6-48C7-BB3F-C12118B77F95}.Debug|x64.ActiveCfg = Debug|Any CPU
		{DCE64FF8-1AD6-48C7-BB3F-C12118B77F95}.Debug|x64.Build.0 = Debug|Any CPU
		{DCE64FF8-1AD6-48C7-BB3F-C12118B77F95}.Debug|x86.ActiveCfg = Debug|Any CPU
		{DCE64FF8-1AD6-48C7-BB3F-C12118B77F95}.Debug|x86.Build.0 = Debug|Any CPU
		{DCE64FF8-1AD6-48C7-BB3F-C12118B77F95}.Release|Any CPU.ActiveCfg = Release|Any CPU
		{DCE64FF8-1AD6-48C7-BB3F-C12118B77F95}.Release|Any CPU.Build.0 = Release|Any CPU
		{DCE64FF8-1AD6-48C7-BB3F-C12118B77F95}.Release|x64.ActiveCfg = Release|Any CPU
		{DCE64FF8-1AD6-48C7-BB3F-C12118B77F95}.Release|x64.Build.0 = Release|Any CPU
		{DCE64FF8-1AD6-48C7-BB3F-C12118B77F95}.Release|x86.ActiveCfg = Release|Any CPU
		{DCE64FF8-1AD6-48C7-BB3F-C12118B77F95}.Release|x86.Build.0 = Release|Any CPU
		{047BA3CE-70F8-4D39-A265-BA6BAB0F2B2C}.Debug|Any CPU.ActiveCfg = Debug|Any CPU
		{047BA3CE-70F8-4D39-A265-BA6BAB0F2B2C}.Debug|Any CPU.Build.0 = Debug|Any CPU
		{047BA3CE-70F8-4D39-A265-BA6BAB0F2B2C}.Debug|x64.ActiveCfg = Debug|Any CPU
		{047BA3CE-70F8-4D39-A265-BA6BAB0F2B2C}.Debug|x64.Build.0 = Debug|Any CPU
		{047BA3CE-70F8-4D39-A265-BA6BAB0F2B2C}.Debug|x86.ActiveCfg = Debug|Any CPU
		{047BA3CE-70F8-4D39-A265-BA6BAB0F2B2C}.Debug|x86.Build.0 = Debug|Any CPU
		{047BA3CE-70F8-4D39-A265-BA6BAB0F2B2C}.Release|Any CPU.ActiveCfg = Release|Any CPU
		{047BA3CE-70F8-4D39-A265-BA6BAB0F2B2C}.Release|Any CPU.Build.0 = Release|Any CPU
		{047BA3CE-70F8-4D39-A265-BA6BAB0F2B2C}.Release|x64.ActiveCfg = Release|Any CPU
		{047BA3CE-70F8-4D39-A265-BA6BAB0F2B2C}.Release|x64.Build.0 = Release|Any CPU
		{047BA3CE-70F8-4D39-A265-BA6BAB0F2B2C}.Release|x86.ActiveCfg = Release|Any CPU
		{047BA3CE-70F8-4D39-A265-BA6BAB0F2B2C}.Release|x86.Build.0 = Release|Any CPU
		{1B65B4ED-24E4-4D60-857A-86C526D49A27}.Debug|Any CPU.ActiveCfg = Debug|Any CPU
		{1B65B4ED-24E4-4D60-857A-86C526D49A27}.Debug|Any CPU.Build.0 = Debug|Any CPU
		{1B65B4ED-24E4-4D60-857A-86C526D49A27}.Debug|x64.ActiveCfg = Debug|Any CPU
		{1B65B4ED-24E4-4D60-857A-86C526D49A27}.Debug|x64.Build.0 = Debug|Any CPU
		{1B65B4ED-24E4-4D60-857A-86C526D49A27}.Debug|x86.ActiveCfg = Debug|Any CPU
		{1B65B4ED-24E4-4D60-857A-86C526D49A27}.Debug|x86.Build.0 = Debug|Any CPU
		{1B65B4ED-24E4-4D60-857A-86C526D49A27}.Release|Any CPU.ActiveCfg = Release|Any CPU
		{1B65B4ED-24E4-4D60-857A-86C526D49A27}.Release|Any CPU.Build.0 = Release|Any CPU
		{1B65B4ED-24E4-4D60-857A-86C526D49A27}.Release|x64.ActiveCfg = Release|Any CPU
		{1B65B4ED-24E4-4D60-857A-86C526D49A27}.Release|x64.Build.0 = Release|Any CPU
		{1B65B4ED-24E4-4D60-857A-86C526D49A27}.Release|x86.ActiveCfg = Release|Any CPU
		{1B65B4ED-24E4-4D60-857A-86C526D49A27}.Release|x86.Build.0 = Release|Any CPU
		{7BDB28A7-4F12-45D9-9CD7-9B156CDCC894}.Debug|Any CPU.ActiveCfg = Debug|Any CPU
		{7BDB28A7-4F12-45D9-9CD7-9B156CDCC894}.Debug|Any CPU.Build.0 = Debug|Any CPU
		{7BDB28A7-4F12-45D9-9CD7-9B156CDCC894}.Debug|x64.ActiveCfg = Debug|Any CPU
		{7BDB28A7-4F12-45D9-9CD7-9B156CDCC894}.Debug|x64.Build.0 = Debug|Any CPU
		{7BDB28A7-4F12-45D9-9CD7-9B156CDCC894}.Debug|x86.ActiveCfg = Debug|Any CPU
		{7BDB28A7-4F12-45D9-9CD7-9B156CDCC894}.Debug|x86.Build.0 = Debug|Any CPU
		{7BDB28A7-4F12-45D9-9CD7-9B156CDCC894}.Release|Any CPU.ActiveCfg = Release|Any CPU
		{7BDB28A7-4F12-45D9-9CD7-9B156CDCC894}.Release|Any CPU.Build.0 = Release|Any CPU
		{7BDB28A7-4F12-45D9-9CD7-9B156CDCC894}.Release|x64.ActiveCfg = Release|Any CPU
		{7BDB28A7-4F12-45D9-9CD7-9B156CDCC894}.Release|x64.Build.0 = Release|Any CPU
		{7BDB28A7-4F12-45D9-9CD7-9B156CDCC894}.Release|x86.ActiveCfg = Release|Any CPU
		{7BDB28A7-4F12-45D9-9CD7-9B156CDCC894}.Release|x86.Build.0 = Release|Any CPU
		{002259EB-14E5-467D-A020-0FDB2842B2D1}.Debug|Any CPU.ActiveCfg = Debug|Any CPU
		{002259EB-14E5-467D-A020-0FDB2842B2D1}.Debug|Any CPU.Build.0 = Debug|Any CPU
		{002259EB-14E5-467D-A020-0FDB2842B2D1}.Debug|x64.ActiveCfg = Debug|Any CPU
		{002259EB-14E5-467D-A020-0FDB2842B2D1}.Debug|x64.Build.0 = Debug|Any CPU
		{002259EB-14E5-467D-A020-0FDB2842B2D1}.Debug|x86.ActiveCfg = Debug|Any CPU
		{002259EB-14E5-467D-A020-0FDB2842B2D1}.Debug|x86.Build.0 = Debug|Any CPU
		{002259EB-14E5-467D-A020-0FDB2842B2D1}.Release|Any CPU.ActiveCfg = Release|Any CPU
		{002259EB-14E5-467D-A020-0FDB2842B2D1}.Release|Any CPU.Build.0 = Release|Any CPU
		{002259EB-14E5-467D-A020-0FDB2842B2D1}.Release|x64.ActiveCfg = Release|Any CPU
		{002259EB-14E5-467D-A020-0FDB2842B2D1}.Release|x64.Build.0 = Release|Any CPU
		{002259EB-14E5-467D-A020-0FDB2842B2D1}.Release|x86.ActiveCfg = Release|Any CPU
		{002259EB-14E5-467D-A020-0FDB2842B2D1}.Release|x86.Build.0 = Release|Any CPU
		{41994F7E-1BC4-4F4E-A809-98CDCBF6CDF9}.Debug|Any CPU.ActiveCfg = Debug|Any CPU
		{41994F7E-1BC4-4F4E-A809-98CDCBF6CDF9}.Debug|Any CPU.Build.0 = Debug|Any CPU
		{41994F7E-1BC4-4F4E-A809-98CDCBF6CDF9}.Debug|x64.ActiveCfg = Debug|Any CPU
		{41994F7E-1BC4-4F4E-A809-98CDCBF6CDF9}.Debug|x64.Build.0 = Debug|Any CPU
		{41994F7E-1BC4-4F4E-A809-98CDCBF6CDF9}.Debug|x86.ActiveCfg = Debug|Any CPU
		{41994F7E-1BC4-4F4E-A809-98CDCBF6CDF9}.Debug|x86.Build.0 = Debug|Any CPU
		{41994F7E-1BC4-4F4E-A809-98CDCBF6CDF9}.Release|Any CPU.ActiveCfg = Release|Any CPU
		{41994F7E-1BC4-4F4E-A809-98CDCBF6CDF9}.Release|Any CPU.Build.0 = Release|Any CPU
		{41994F7E-1BC4-4F4E-A809-98CDCBF6CDF9}.Release|x64.ActiveCfg = Release|Any CPU
		{41994F7E-1BC4-4F4E-A809-98CDCBF6CDF9}.Release|x64.Build.0 = Release|Any CPU
		{41994F7E-1BC4-4F4E-A809-98CDCBF6CDF9}.Release|x86.ActiveCfg = Release|Any CPU
		{41994F7E-1BC4-4F4E-A809-98CDCBF6CDF9}.Release|x86.Build.0 = Release|Any CPU
		{1170ADCC-C953-4277-9133-BBA7D7B1133C}.Debug|Any CPU.ActiveCfg = Debug|Any CPU
		{1170ADCC-C953-4277-9133-BBA7D7B1133C}.Debug|Any CPU.Build.0 = Debug|Any CPU
		{1170ADCC-C953-4277-9133-BBA7D7B1133C}.Debug|x64.ActiveCfg = Debug|Any CPU
		{1170ADCC-C953-4277-9133-BBA7D7B1133C}.Debug|x64.Build.0 = Debug|Any CPU
		{1170ADCC-C953-4277-9133-BBA7D7B1133C}.Debug|x86.ActiveCfg = Debug|Any CPU
		{1170ADCC-C953-4277-9133-BBA7D7B1133C}.Debug|x86.Build.0 = Debug|Any CPU
		{1170ADCC-C953-4277-9133-BBA7D7B1133C}.Release|Any CPU.ActiveCfg = Release|Any CPU
		{1170ADCC-C953-4277-9133-BBA7D7B1133C}.Release|Any CPU.Build.0 = Release|Any CPU
		{1170ADCC-C953-4277-9133-BBA7D7B1133C}.Release|x64.ActiveCfg = Release|Any CPU
		{1170ADCC-C953-4277-9133-BBA7D7B1133C}.Release|x64.Build.0 = Release|Any CPU
		{1170ADCC-C953-4277-9133-BBA7D7B1133C}.Release|x86.ActiveCfg = Release|Any CPU
		{1170ADCC-C953-4277-9133-BBA7D7B1133C}.Release|x86.Build.0 = Release|Any CPU
	EndGlobalSection
	GlobalSection(SolutionProperties) = preSolution
		HideSolutionNode = FALSE
	EndGlobalSection
	GlobalSection(NestedProjects) = preSolution
		{DCE64FF8-1AD6-48C7-BB3F-C12118B77F95} = {827E0CD3-B72D-47B6-A68D-7590B98EB39B}
		{047BA3CE-70F8-4D39-A265-BA6BAB0F2B2C} = {827E0CD3-B72D-47B6-A68D-7590B98EB39B}
		{1B65B4ED-24E4-4D60-857A-86C526D49A27} = {827E0CD3-B72D-47B6-A68D-7590B98EB39B}
		{7BDB28A7-4F12-45D9-9CD7-9B156CDCC894} = {827E0CD3-B72D-47B6-A68D-7590B98EB39B}
		{002259EB-14E5-467D-A020-0FDB2842B2D1} = {827E0CD3-B72D-47B6-A68D-7590B98EB39B}
		{41994F7E-1BC4-4F4E-A809-98CDCBF6CDF9} = {827E0CD3-B72D-47B6-A68D-7590B98EB39B}
		{1170ADCC-C953-4277-9133-BBA7D7B1133C} = {827E0CD3-B72D-47B6-A68D-7590B98EB39B}
	EndGlobalSection
EndGlobal
